<Solution>
  <Folder Name="/samples/">
    <Project Path="samples/UnitOfWork.Sample.Console/UnitOfWork.Sample.Console.csproj" />
  </Folder>
  <Folder Name="/src/">
    <Project Path="src/UnitOfWork.Core/UnitOfWork.Core.csproj" />
  </Folder>
  <Folder Name="/tests/">
    <Project Path="tests/UnitOfWork.Tests/UnitOfWork.Tests.csproj" />
  </Folder>
</Solution>
